Negation	Acetylation
Speculation	Acetylation
Negation	Binding
Speculation	Binding
Negation	Deacetylation
Speculation	Deacetylation
Negation	Gene_expression
Speculation	Gene_expression
Negation	Localization
Speculation	Localization
Negation	Negative_regulation
Speculation	Negative_regulation
Negation	Phosphorylation
Speculation	Phosphorylation
Negation	Positive_regulation
Speculation	Positive_regulation
Negation	Protein
Speculation	Protein
Negation	Protein_catabolism
Speculation	Protein_catabolism
Negation	Protein_modification
Speculation	Protein_modification
Negation	Regulation
Speculation	Regulation
Negation	Transcription
Speculation	Transcription
Negation	Ubiquitination
Speculation	Ubiquitination
