causeOf	Acetylation	Acetylation
causeOf	Acetylation	Binding
causeOf	Acetylation	Deacetylation
causeOf	Acetylation	Entity
causeOf	Acetylation	Gene_expression
causeOf	Acetylation	Localization
causeOf	Acetylation	Negative_regulation
causeOf	Acetylation	Phosphorylation
causeOf	Acetylation	Positive_regulation
causeOf	Acetylation	Protein
causeOf	Acetylation	Protein_catabolism
causeOf	Acetylation	Protein_modification
causeOf	Acetylation	Regulation
causeOf	Acetylation	Transcription
causeOf	Acetylation	Ubiquitination
causeOf	Deacetylation	Acetylation
causeOf	Deacetylation	Binding
causeOf	Deacetylation	Deacetylation
causeOf	Deacetylation	Entity
causeOf	Deacetylation	Gene_expression
causeOf	Deacetylation	Localization
causeOf	Deacetylation	Negative_regulation
causeOf	Deacetylation	Phosphorylation
causeOf	Deacetylation	Positive_regulation
causeOf	Deacetylation	Protein
causeOf	Deacetylation	Protein_catabolism
causeOf	Deacetylation	Protein_modification
causeOf	Deacetylation	Regulation
causeOf	Deacetylation	Transcription
causeOf	Deacetylation	Ubiquitination
causeOf	Negative_regulation	Acetylation
causeOf	Negative_regulation	Binding
causeOf	Negative_regulation	Deacetylation
causeOf	Negative_regulation	Entity
causeOf	Negative_regulation	Gene_expression
causeOf	Negative_regulation	Localization
causeOf	Negative_regulation	Negative_regulation
causeOf	Negative_regulation	Phosphorylation
causeOf	Negative_regulation	Positive_regulation
causeOf	Negative_regulation	Protein
causeOf	Negative_regulation	Protein_catabolism
causeOf	Negative_regulation	Protein_modification
causeOf	Negative_regulation	Regulation
causeOf	Negative_regulation	Transcription
causeOf	Negative_regulation	Ubiquitination
causeOf	Phosphorylation	Acetylation
causeOf	Phosphorylation	Binding
causeOf	Phosphorylation	Deacetylation
causeOf	Phosphorylation	Entity
causeOf	Phosphorylation	Gene_expression
causeOf	Phosphorylation	Localization
causeOf	Phosphorylation	Negative_regulation
causeOf	Phosphorylation	Phosphorylation
causeOf	Phosphorylation	Positive_regulation
causeOf	Phosphorylation	Protein
causeOf	Phosphorylation	Protein_catabolism
causeOf	Phosphorylation	Protein_modification
causeOf	Phosphorylation	Regulation
causeOf	Phosphorylation	Transcription
causeOf	Phosphorylation	Ubiquitination
causeOf	Positive_regulation	Acetylation
causeOf	Positive_regulation	Binding
causeOf	Positive_regulation	Deacetylation
causeOf	Positive_regulation	Entity
causeOf	Positive_regulation	Gene_expression
causeOf	Positive_regulation	Localization
causeOf	Positive_regulation	Negative_regulation
causeOf	Positive_regulation	Phosphorylation
causeOf	Positive_regulation	Positive_regulation
causeOf	Positive_regulation	Protein
causeOf	Positive_regulation	Protein_catabolism
causeOf	Positive_regulation	Protein_modification
causeOf	Positive_regulation	Regulation
causeOf	Positive_regulation	Transcription
causeOf	Positive_regulation	Ubiquitination
causeOf	Protein_modification	Acetylation
causeOf	Protein_modification	Binding
causeOf	Protein_modification	Deacetylation
causeOf	Protein_modification	Entity
causeOf	Protein_modification	Gene_expression
causeOf	Protein_modification	Localization
causeOf	Protein_modification	Negative_regulation
causeOf	Protein_modification	Phosphorylation
causeOf	Protein_modification	Positive_regulation
causeOf	Protein_modification	Protein
causeOf	Protein_modification	Protein_catabolism
causeOf	Protein_modification	Protein_modification
causeOf	Protein_modification	Regulation
causeOf	Protein_modification	Transcription
causeOf	Protein_modification	Ubiquitination
causeOf	Regulation	Acetylation
causeOf	Regulation	Binding
causeOf	Regulation	Deacetylation
causeOf	Regulation	Entity
causeOf	Regulation	Gene_expression
causeOf	Regulation	Localization
causeOf	Regulation	Negative_regulation
causeOf	Regulation	Phosphorylation
causeOf	Regulation	Positive_regulation
causeOf	Regulation	Protein
causeOf	Regulation	Protein_catabolism
causeOf	Regulation	Protein_modification
causeOf	Regulation	Regulation
causeOf	Regulation	Transcription
causeOf	Regulation	Ubiquitination
causeOf	Ubiquitination	Acetylation
causeOf	Ubiquitination	Binding
causeOf	Ubiquitination	Deacetylation
causeOf	Ubiquitination	Entity
causeOf	Ubiquitination	Gene_expression
causeOf	Ubiquitination	Localization
causeOf	Ubiquitination	Negative_regulation
causeOf	Ubiquitination	Phosphorylation
causeOf	Ubiquitination	Positive_regulation
causeOf	Ubiquitination	Protein
causeOf	Ubiquitination	Protein_catabolism
causeOf	Ubiquitination	Protein_modification
causeOf	Ubiquitination	Regulation
causeOf	Ubiquitination	Transcription
causeOf	Ubiquitination	Ubiquitination
equivalentTo	Protein	Protein
locationOf	Localization	Entity
partOf	Protein	Entity
partOf	Protein	Protein
themeOf	Acetylation	Entity
themeOf	Acetylation	Protein
themeOf	Binding	Entity
themeOf	Binding	Protein
themeOf	Deacetylation	Entity
themeOf	Deacetylation	Protein
themeOf	Gene_expression	Entity
themeOf	Gene_expression	Protein
themeOf	Localization	Entity
themeOf	Localization	Protein
themeOf	Negative_regulation	Acetylation
themeOf	Negative_regulation	Binding
themeOf	Negative_regulation	Deacetylation
themeOf	Negative_regulation	Entity
themeOf	Negative_regulation	Gene_expression
themeOf	Negative_regulation	Localization
themeOf	Negative_regulation	Negative_regulation
themeOf	Negative_regulation	Phosphorylation
themeOf	Negative_regulation	Positive_regulation
themeOf	Negative_regulation	Protein
themeOf	Negative_regulation	Protein_catabolism
themeOf	Negative_regulation	Protein_modification
themeOf	Negative_regulation	Regulation
themeOf	Negative_regulation	Transcription
themeOf	Negative_regulation	Ubiquitination
themeOf	Phosphorylation	Entity
themeOf	Phosphorylation	Protein
themeOf	Positive_regulation	Acetylation
themeOf	Positive_regulation	Binding
themeOf	Positive_regulation	Deacetylation
themeOf	Positive_regulation	Entity
themeOf	Positive_regulation	Gene_expression
themeOf	Positive_regulation	Localization
themeOf	Positive_regulation	Negative_regulation
themeOf	Positive_regulation	Phosphorylation
themeOf	Positive_regulation	Positive_regulation
themeOf	Positive_regulation	Protein
themeOf	Positive_regulation	Protein_catabolism
themeOf	Positive_regulation	Protein_modification
themeOf	Positive_regulation	Regulation
themeOf	Positive_regulation	Transcription
themeOf	Positive_regulation	Ubiquitination
themeOf	Protein_catabolism	Entity
themeOf	Protein_catabolism	Protein
themeOf	Protein_modification	Entity
themeOf	Protein_modification	Protein
themeOf	Regulation	Acetylation
themeOf	Regulation	Binding
themeOf	Regulation	Deacetylation
themeOf	Regulation	Entity
themeOf	Regulation	Gene_expression
themeOf	Regulation	Localization
themeOf	Regulation	Negative_regulation
themeOf	Regulation	Phosphorylation
themeOf	Regulation	Positive_regulation
themeOf	Regulation	Protein
themeOf	Regulation	Protein_catabolism
themeOf	Regulation	Protein_modification
themeOf	Regulation	Regulation
themeOf	Regulation	Transcription
themeOf	Regulation	Ubiquitination
themeOf	Transcription	Entity
themeOf	Transcription	Protein
themeOf	Ubiquitination	Entity
themeOf	Ubiquitination	Protein
